
Microsoft Visual Studio Solution File, Format Version 12.00
# Visual Studio Version 16
VisualStudioVersion = 16.0.31112.23
MinimumVisualStudioVersion = 10.0.40219.1
Project("{FAE04EC0-301F-11D3-BF4B-00C04F79EFBC}") = "TuristickiMarketplace", "TuristickiMarketplace\TuristickiMarketplace.csproj", "{40A3B357-CB93-4DE8-A403-31688DE779D2}"
EndProject
Global
	GlobalSection(SolutionConfigurationPlatforms) = preSolution
		Debug|Any CPU = Debug|Any CPU
		Release|Any CPU = Release|Any CPU
	EndGlobalSection
	GlobalSection(ProjectConfigurationPlatforms) = postSolution
		{40A3B357-CB93-4DE8-A403-31688DE779D2}.Debug|Any CPU.ActiveCfg = Debug|Any CPU
		{40A3B357-CB93-4DE8-A403-31688DE779D2}.Debug|Any CPU.Build.0 = Debug|Any CPU
		{40A3B357-CB93-4DE8-A403-31688DE779D2}.Release|Any CPU.ActiveCfg = Release|Any CPU
		{40A3B357-CB93-4DE8-A403-31688DE779D2}.Release|Any CPU.Build.0 = Release|Any CPU
	EndGlobalSection
	GlobalSection(SolutionProperties) = preSolution
		HideSolutionNode = FALSE
	EndGlobalSection
	GlobalSection(ExtensibilityGlobals) = postSolution
		SolutionGuid = {219BE0B2-4431-467C-89D1-53266C4C4491}
	EndGlobalSection
EndGlobal
